
Microsoft Visual Studio Solution File, Format Version 12.00
# Visual Studio Version 17
VisualStudioVersion = 17.8.34511.84
MinimumVisualStudioVersion = 10.0.40219.1
Project("{FAE04EC0-301F-11D3-BF4B-00C04F79EFBC}") = "MauiApiConsumer", "MauiApiConsumer\MauiApiConsumer.csproj", "{72685FBB-B191-46CE-AF83-8BB5BD68B0E8}"
EndProject
Project("{FAE04EC0-301F-11D3-BF4B-00C04F79EFBC}") = "ConsumeAPI", "ConsumeAPI\ConsumeAPI.csproj", "{4E814872-C4D5-4A9E-BD42-D9785675BCFB}"
EndProject
Global
	GlobalSection(SolutionConfigurationPlatforms) = preSolution
		Debug|Any CPU = Debug|Any CPU
		Release|Any CPU = Release|Any CPU
	EndGlobalSection
	GlobalSection(ProjectConfigurationPlatforms) = postSolution
		{72685FBB-B191-46CE-AF83-8BB5BD68B0E8}.Debug|Any CPU.ActiveCfg = Debug|Any CPU
		{72685FBB-B191-46CE-AF83-8BB5BD68B0E8}.Debug|Any CPU.Build.0 = Debug|Any CPU
		{72685FBB-B191-46CE-AF83-8BB5BD68B0E8}.Debug|Any CPU.Deploy.0 = Debug|Any CPU
		{72685FBB-B191-46CE-AF83-8BB5BD68B0E8}.Release|Any CPU.ActiveCfg = Release|Any CPU
		{72685FBB-B191-46CE-AF83-8BB5BD68B0E8}.Release|Any CPU.Build.0 = Release|Any CPU
		{72685FBB-B191-46CE-AF83-8BB5BD68B0E8}.Release|Any CPU.Deploy.0 = Release|Any CPU
		{4E814872-C4D5-4A9E-BD42-D9785675BCFB}.Debug|Any CPU.ActiveCfg = Debug|Any CPU
		{4E814872-C4D5-4A9E-BD42-D9785675BCFB}.Debug|Any CPU.Build.0 = Debug|Any CPU
		{4E814872-C4D5-4A9E-BD42-D9785675BCFB}.Release|Any CPU.ActiveCfg = Release|Any CPU
		{4E814872-C4D5-4A9E-BD42-D9785675BCFB}.Release|Any CPU.Build.0 = Release|Any CPU
	EndGlobalSection
	GlobalSection(SolutionProperties) = preSolution
		HideSolutionNode = FALSE
	EndGlobalSection
	GlobalSection(ExtensibilityGlobals) = postSolution
		SolutionGuid = {9BDA9C85-7EC3-4789-8F74-CCA063064BD0}
	EndGlobalSection
EndGlobal
